
Microsoft Visual Studio Solution File, Format Version 12.00
# Visual Studio Version 16
VisualStudioVersion = 16.0.29911.84
MinimumVisualStudioVersion = 10.0.40219.1
Project("{FAE04EC0-301F-11D3-BF4B-00C04F79EFBC}") = "Laba9", "Laba9.csproj", "{B33DDECA-5618-4B42-A2AC-3438200D475B}"
EndProject
Global
	GlobalSection(SolutionConfigurationPlatforms) = preSolution
		Debug|Any CPU = Debug|Any CPU
		Release|Any CPU = Release|Any CPU
	EndGlobalSection
	GlobalSection(ProjectConfigurationPlatforms) = postSolution
		{B33DDECA-5618-4B42-A2AC-3438200D475B}.Debug|Any CPU.ActiveCfg = Debug|Any CPU
		{B33DDECA-5618-4B42-A2AC-3438200D475B}.Debug|Any CPU.Build.0 = Debug|Any CPU
		{B33DDECA-5618-4B42-A2AC-3438200D475B}.Release|Any CPU.ActiveCfg = Release|Any CPU
		{B33DDECA-5618-4B42-A2AC-3438200D475B}.Release|Any CPU.Build.0 = Release|Any CPU
	EndGlobalSection
	GlobalSection(SolutionProperties) = preSolution
		HideSolutionNode = FALSE
	EndGlobalSection
	GlobalSection(ExtensibilityGlobals) = postSolution
		SolutionGuid = {1443C854-CE67-455E-837B-D52B22F9CA87}
	EndGlobalSection
EndGlobal
